
Microsoft Visual Studio Solution File, Format Version 12.00
# Visual Studio Version 17
VisualStudioVersion = 17.14.36401.2
MinimumVisualStudioVersion = 10.0.40219.1
Project("{FAE04EC0-301F-11D3-BF4B-00C04F79EFBC}") = "AgentFive", "src\AgentFive\AgentFive.csproj", "{625029F2-0AEC-46C2-9449-7CB00FDE990C}"
EndProject
Project("{FAE04EC0-301F-11D3-BF4B-00C04F79EFBC}") = "AgentFive.Api", "src\AgentFive.Api\AgentFive.Api.csproj", "{6245E47E-8167-4ADA-8C89-E4763D97EA55}"
EndProject
Global
	GlobalSection(SolutionConfigurationPlatforms) = preSolution
		Debug|Any CPU = Debug|Any CPU
		Release|Any CPU = Release|Any CPU
	EndGlobalSection
	GlobalSection(ProjectConfigurationPlatforms) = postSolution
		{625029F2-0AEC-46C2-9449-7CB00FDE990C}.Debug|Any CPU.ActiveCfg = Debug|Any CPU
		{625029F2-0AEC-46C2-9449-7CB00FDE990C}.Debug|Any CPU.Build.0 = Debug|Any CPU
		{625029F2-0AEC-46C2-9449-7CB00FDE990C}.Release|Any CPU.ActiveCfg = Release|Any CPU
		{625029F2-0AEC-46C2-9449-7CB00FDE990C}.Release|Any CPU.Build.0 = Release|Any CPU
		{6245E47E-8167-4ADA-8C89-E4763D97EA55}.Debug|Any CPU.ActiveCfg = Debug|Any CPU
		{6245E47E-8167-4ADA-8C89-E4763D97EA55}.Debug|Any CPU.Build.0 = Debug|Any CPU
		{6245E47E-8167-4ADA-8C89-E4763D97EA55}.Release|Any CPU.ActiveCfg = Release|Any CPU
		{6245E47E-8167-4ADA-8C89-E4763D97EA55}.Release|Any CPU.Build.0 = Release|Any CPU
	EndGlobalSection
	GlobalSection(SolutionProperties) = preSolution
		HideSolutionNode = FALSE
	EndGlobalSection
	GlobalSection(ExtensibilityGlobals) = postSolution
		SolutionGuid = {6E5985DF-87CF-4918-AE7D-92F5C7759C9C}
	EndGlobalSection
EndGlobal
